
Microsoft Visual Studio Solution File, Format Version 12.00
# Visual Studio Version 17
VisualStudioVersion = 17.2.32616.157
MinimumVisualStudioVersion = 10.0.40219.1
Project("{FAE04EC0-301F-11D3-BF4B-00C04F79EFBC}") = "FYP", "FYP\FYP.csproj", "{6E34C5C4-A339-46D9-B2DA-CBC97F355A0F}"
EndProject
Global
	GlobalSection(SolutionConfigurationPlatforms) = preSolution
		Debug|Any CPU = Debug|Any CPU
		Release|Any CPU = Release|Any CPU
	EndGlobalSection
	GlobalSection(ProjectConfigurationPlatforms) = postSolution
		{6E34C5C4-A339-46D9-B2DA-CBC97F355A0F}.Debug|Any CPU.ActiveCfg = Debug|Any CPU
		{6E34C5C4-A339-46D9-B2DA-CBC97F355A0F}.Debug|Any CPU.Build.0 = Debug|Any CPU
		{6E34C5C4-A339-46D9-B2DA-CBC97F355A0F}.Release|Any CPU.ActiveCfg = Release|Any CPU
		{6E34C5C4-A339-46D9-B2DA-CBC97F355A0F}.Release|Any CPU.Build.0 = Release|Any CPU
	EndGlobalSection
	GlobalSection(SolutionProperties) = preSolution
		HideSolutionNode = FALSE
	EndGlobalSection
	GlobalSection(ExtensibilityGlobals) = postSolution
		SolutionGuid = {9C3307A0-61FD-4770-AF79-49ADD2842A2A}
	EndGlobalSection
EndGlobal
